
Microsoft Visual Studio Solution File, Format Version 12.00
# Visual Studio Version 16
VisualStudioVersion = 16.0.31424.327
MinimumVisualStudioVersion = 10.0.40219.1
Project("{FAE04EC0-301F-11D3-BF4B-00C04F79EFBC}") = "Web_API_1", "Web_API_1\Web_API_1.csproj", "{6478E101-C5B3-40E8-BB17-4FFB10189234}"
EndProject
Global
	GlobalSection(SolutionConfigurationPlatforms) = preSolution
		Debug|Any CPU = Debug|Any CPU
		Release|Any CPU = Release|Any CPU
	EndGlobalSection
	GlobalSection(ProjectConfigurationPlatforms) = postSolution
		{6478E101-C5B3-40E8-BB17-4FFB10189234}.Debug|Any CPU.ActiveCfg = Debug|Any CPU
		{6478E101-C5B3-40E8-BB17-4FFB10189234}.Debug|Any CPU.Build.0 = Debug|Any CPU
		{6478E101-C5B3-40E8-BB17-4FFB10189234}.Release|Any CPU.ActiveCfg = Release|Any CPU
		{6478E101-C5B3-40E8-BB17-4FFB10189234}.Release|Any CPU.Build.0 = Release|Any CPU
	EndGlobalSection
	GlobalSection(SolutionProperties) = preSolution
		HideSolutionNode = FALSE
	EndGlobalSection
	GlobalSection(ExtensibilityGlobals) = postSolution
		SolutionGuid = {A5544AD3-C366-4E7A-AD70-190EF981A4AF}
	EndGlobalSection
EndGlobal
