
Microsoft Visual Studio Solution File, Format Version 12.00
# Visual Studio Version 16
VisualStudioVersion = 16.0.31424.327
MinimumVisualStudioVersion = 10.0.40219.1
Project("{FAE04EC0-301F-11D3-BF4B-00C04F79EFBC}") = "Calculadora", "Calculadora\Calculadora.csproj", "{C3CA4533-3DE2-4A2D-8220-B97769E20E0B}"
EndProject
Global
	GlobalSection(SolutionConfigurationPlatforms) = preSolution
		Debug|Any CPU = Debug|Any CPU
		Release|Any CPU = Release|Any CPU
	EndGlobalSection
	GlobalSection(ProjectConfigurationPlatforms) = postSolution
		{C3CA4533-3DE2-4A2D-8220-B97769E20E0B}.Debug|Any CPU.ActiveCfg = Debug|Any CPU
		{C3CA4533-3DE2-4A2D-8220-B97769E20E0B}.Debug|Any CPU.Build.0 = Debug|Any CPU
		{C3CA4533-3DE2-4A2D-8220-B97769E20E0B}.Release|Any CPU.ActiveCfg = Release|Any CPU
		{C3CA4533-3DE2-4A2D-8220-B97769E20E0B}.Release|Any CPU.Build.0 = Release|Any CPU
	EndGlobalSection
	GlobalSection(SolutionProperties) = preSolution
		HideSolutionNode = FALSE
	EndGlobalSection
	GlobalSection(ExtensibilityGlobals) = postSolution
		SolutionGuid = {1401AA1F-BC6C-4319-95F2-479265CF0AA1}
	EndGlobalSection
EndGlobal
